
Microsoft Visual Studio Solution File, Format Version 12.00
# Visual Studio 14
VisualStudioVersion = 14.0.24720.0
MinimumVisualStudioVersion = 10.0.40219.1
Project("{8BC9CEB8-8B4A-11D0-8D11-00A0C91BC942}") = "Lecture 07 - Strings", "Lecture 07 - Strings\Lecture 07 - Strings.vcxproj", "{76A06F4E-8C82-4CE6-A868-65A72F3CBC3F}"
EndProject
Project("{8BC9CEB8-8B4A-11D0-8D11-00A0C91BC942}") = "Lecture 04 - Hello World", "Lecture 04 - Hello World\Lecture 04 - Hello World.vcxproj", "{35B2DC03-D984-4B47-B2BB-D0C371C723CD}"
EndProject
Project("{8BC9CEB8-8B4A-11D0-8D11-00A0C91BC942}") = "Lecture 05 - Outputting Text", "Lecture 05 - Outputting Text\Lecture 05 - Outputting Text.vcxproj", "{11CB1F24-4D6E-4481-A7CB-3F8BF60794FD}"
EndProject
Project("{8BC9CEB8-8B4A-11D0-8D11-00A0C91BC942}") = "Lecture 06 - Variables", "Lecture 06 - Variables\Lecture 06 - Variables.vcxproj", "{B5E10446-11A8-4524-9AB2-FA39BD9584B9}"
EndProject
Project("{8BC9CEB8-8B4A-11D0-8D11-00A0C91BC942}") = "Lecture 08 - User Input", "Lecture 08 - User Input\Lecture 08 - User Input.vcxproj", "{619118DA-8F30-4890-B05E-E1650E04E312}"
EndProject
Project("{8BC9CEB8-8B4A-11D0-8D11-00A0C91BC942}") = "Lecture 10 - Integer Types", "Lecture 10 - Integer Types\Lecture 10 - Integer Types.vcxproj", "{1A677FEC-39E4-4C13-80BA-9D1A99036A41}"
EndProject
Project("{8BC9CEB8-8B4A-11D0-8D11-00A0C91BC942}") = "Lecture 11 - Floating Point Values", "Lecture 11 - Floating Point Values\Lecture 11 - Floating Point Values.vcxproj", "{69B7BD44-FFAD-4ED5-BF7C-F44B50F5093F}"
EndProject
Project("{8BC9CEB8-8B4A-11D0-8D11-00A0C91BC942}") = "Lecture 12 - Char and Bool", "Lecture 12 - Char and Bool\Lecture 12 - Char and Bool.vcxproj", "{B18131A1-AE77-41C0-9715-753BD20282BF}"
EndProject
Project("{8BC9CEB8-8B4A-11D0-8D11-00A0C91BC942}") = "Lecture 13 - If", "Lecture 13 - If\Lecture 13 - If.vcxproj", "{73EACC0E-DEAD-49E8-83A0-CE2001F265F6}"
EndProject
Project("{8BC9CEB8-8B4A-11D0-8D11-00A0C91BC942}") = "Lecture 14 - If Else", "Lecture 14 - If Else\Lecture 14 - If Else.vcxproj", "{1D2F07E8-6CAE-493D-BCA0-9E0B59C8062A}"
EndProject
Project("{8BC9CEB8-8B4A-11D0-8D11-00A0C91BC942}") = "Lecture 15 - If Else If Else", "Lecture 15 - If Else If Else\Lecture 15 - If Else If Else.vcxproj", "{EC644A81-8615-4B22-A053-57AE6BA56975}"
EndProject
Project("{8BC9CEB8-8B4A-11D0-8D11-00A0C91BC942}") = "Lecture 16 - Comparing Floats", "Lecture 16 - Comparing Floats\Lecture 16 - Comparing Floats.vcxproj", "{EED08EC3-F42F-4ED6-A83C-02D5AB839CD5}"
EndProject
Project("{8BC9CEB8-8B4A-11D0-8D11-00A0C91BC942}") = "Lecture 17 - Conditions", "Lecture 17 - Conditions\Lecture 17 - Conditions.vcxproj", "{947F1B75-C426-44BE-B347-5B2485F6C999}"
EndProject
Project("{8BC9CEB8-8B4A-11D0-8D11-00A0C91BC942}") = "Lecture 18 - While Loops", "Lecture 18 - While Loops\Lecture 18 - While Loops.vcxproj", "{C1A42DDA-3CE0-4FC4-8DFC-7748E5C80F09}"
EndProject
Project("{8BC9CEB8-8B4A-11D0-8D11-00A0C91BC942}") = "Lecture 19 - Do While", "Lecture 19 - Do While\Lecture 19 - Do While.vcxproj", "{008E9FF1-D3E4-4E1E-AF71-1843E4C2C4C3}"
EndProject
Project("{8BC9CEB8-8B4A-11D0-8D11-00A0C91BC942}") = "Lecture 20 - For Loops", "Lecture 20 - For Loops\Lecture 20 - For Loops.vcxproj", "{C55458C3-9034-4FC8-BA81-853BA615039D}"
EndProject
Project("{8BC9CEB8-8B4A-11D0-8D11-00A0C91BC942}") = "Lecture 21 - Break and Continue", "Lecture 21 - Break and Continue\Lecture 21 - Break and Continue.vcxproj", "{8CA90C67-7481-4958-B7D8-E5B2214EE4A1}"
EndProject
Project("{8BC9CEB8-8B4A-11D0-8D11-00A0C91BC942}") = "Lecture 22 - Arrays", "Lecture 22 - Arrays\Lecture 22 - Arrays.vcxproj", "{BEF79647-F477-4FEB-82EA-A36C6565F66D}"
EndProject
Project("{8BC9CEB8-8B4A-11D0-8D11-00A0C91BC942}") = "Lecture 23 - Multidimensional Arrays", "Lecture 23 - Multidimensional Arrays\Lecture 23 - Multidimensional Arrays.vcxproj", "{BF167341-57E2-4D66-9439-088F5269BE6A}"
EndProject
Project("{8BC9CEB8-8B4A-11D0-8D11-00A0C91BC942}") = "Lecture 24 - Sizeof and Arrays", "Lecture 24 - Sizeof and Arrays\Lecture 24 - Sizeof and Arrays.vcxproj", "{0D55DD1B-ADF7-49BC-9363-38BED16A118D}"
EndProject
Project("{8BC9CEB8-8B4A-11D0-8D11-00A0C91BC942}") = "Lecture 25 - Sizeof Multidimensional Arrays", "Lecture 25 - Sizeof Multidimensional Arrays\Lecture 25 - Sizeof Multidimensional Arrays.vcxproj", "{2CFAAB4B-644E-4000-9FE9-CC876B56296C}"
EndProject
Project("{8BC9CEB8-8B4A-11D0-8D11-00A0C91BC942}") = "Lecture 26 - Switch", "Lecture 26 - Switch\Lecture 26 - Switch.vcxproj", "{0F7FCB00-1DB4-478B-A87D-8E91B07CA7DA}"
EndProject
Project("{8BC9CEB8-8B4A-11D0-8D11-00A0C91BC942}") = "Lecture 27 - Functions", "Lecture 27 - Functions\Lecture 27 - Functions.vcxproj", "{F31E6BA9-FF77-412C-8B8F-4464F8552B92}"
EndProject
Project("{8BC9CEB8-8B4A-11D0-8D11-00A0C91BC942}") = "Lecture 28 - Return Values", "Lecture 28 - Return Values\Lecture 28 - Return Values.vcxproj", "{EB607EC9-CFEC-4EE1-87B9-683B40EC94C2}"
EndProject
Project("{8BC9CEB8-8B4A-11D0-8D11-00A0C91BC942}") = "Lecture 29 - Function Parameters", "Lecture 29 - Function Parameters\Lecture 29 - Function Parameters.vcxproj", "{1CAEC288-71BC-4984-9F33-A121820085AD}"
EndProject
Project("{8BC9CEB8-8B4A-11D0-8D11-00A0C91BC942}") = "Lecture 30 - Headers and Prototypes", "Lecture 30 - Headers and Prototypes\Lecture 30 - Headers and Prototypes.vcxproj", "{3012AA08-214E-4007-9121-39CBA09F846A}"
EndProject
Project("{8BC9CEB8-8B4A-11D0-8D11-00A0C91BC942}") = "Lecture 31 - Classes", "Lecture 31 - Classes\Lecture 31 - Classes.vcxproj", "{10603CEE-197A-405B-A44B-C100FDA752B1}"
EndProject
Project("{8BC9CEB8-8B4A-11D0-8D11-00A0C91BC942}") = "Lecture 32 - Data Members", "Lecture 32 - Data Members\Lecture 32 - Data Members.vcxproj", "{343041C6-9EBF-427F-824D-7C38DA3F504F}"
EndProject
Project("{8BC9CEB8-8B4A-11D0-8D11-00A0C91BC942}") = "Lecture 33 - Constructors and Destructors", "Lecture 33 - Constructors and Destructors\Lecture 33 - Constructors and Destructors.vcxproj", "{D70C5396-4132-4506-8915-E49E1F11F8D8}"
EndProject
Project("{8BC9CEB8-8B4A-11D0-8D11-00A0C91BC942}") = "Lecture 34 - Getters and Setters", "Lecture 34 - Getters and Setters\Lecture 34 - Getters and Setters.vcxproj", "{B64C81A3-DFC6-46DA-B0E8-6B0B536D4913}"
EndProject
Project("{8BC9CEB8-8B4A-11D0-8D11-00A0C91BC942}") = "Lecture 35 - String Streams", "Lecture 35 - String Streams\Lecture 35 - String Streams.vcxproj", "{5B766CAF-295B-4985-A19A-7A1489BBC03D}"
EndProject
Project("{8BC9CEB8-8B4A-11D0-8D11-00A0C91BC942}") = "Lecture 36 - Overloading Constructors", "Lecture 36 - Overloading Constructors\Lecture 36 - Overloading Constructors.vcxproj", "{C9BDF65F-DF9B-4CA1-8BDA-753A9177ED12}"
EndProject
Project("{8BC9CEB8-8B4A-11D0-8D11-00A0C91BC942}") = "Lecture 37 - The this Keyword", "Lecture 37 - The this Keyword\Lecture 37 - The this Keyword.vcxproj", "{A60A0C08-D495-4156-B37D-613D7E81C44B}"
EndProject
Project("{8BC9CEB8-8B4A-11D0-8D11-00A0C91BC942}") = "Lecture 38 - Constructor Initialization Lists", "Lecture 38 - Constructor Initialization Lists\Lecture 38 - Constructor Initialization Lists.vcxproj", "{750322B7-093A-4A11-A5E4-870127582B4D}"
EndProject
Project("{8BC9CEB8-8B4A-11D0-8D11-00A0C91BC942}") = "Lecture 39 - Pointers", "Lecture 39 - Pointers\Lecture 39 - Pointers.vcxproj", "{58B342F6-4596-4E78-B71C-12EEC94832E1}"
EndProject
Project("{8BC9CEB8-8B4A-11D0-8D11-00A0C91BC942}") = "Lecture 40 - Arithmetic", "Lecture 40 - Arithmetic\Lecture 40 - Arithmetic.vcxproj", "{22F3191D-0D27-47DF-8014-284DA170C5A3}"
EndProject
Project("{8BC9CEB8-8B4A-11D0-8D11-00A0C91BC942}") = "Lecture 41 - Pointers and Arrays", "Lecture 41 - Pointers and Arrays\Lecture 41 - Pointers and Arrays.vcxproj", "{A0AEE594-DB00-421F-ACD5-E85D1BB8E6F0}"
EndProject
Project("{8BC9CEB8-8B4A-11D0-8D11-00A0C91BC942}") = "Lecture 42 - Pointer Arithmetic", "Lecture 42 - Pointer Arithmetic\Lecture 42 - Pointer Arithmetic.vcxproj", "{83EF4E25-0C30-4354-B7A6-5EEC89F4F122}"
EndProject
Project("{8BC9CEB8-8B4A-11D0-8D11-00A0C91BC942}") = "Lecture 43 - Char Arrays", "Lecture 43 - Char Arrays\Lecture 43 - Char Arrays.vcxproj", "{90D81CC8-22D7-4D72-B916-853AC341BEAF}"
EndProject
Project("{8BC9CEB8-8B4A-11D0-8D11-00A0C91BC942}") = "Lecture 44 - Reversing a String", "Lecture 44 - Reversing a String\Lecture 44 - Reversing a String.vcxproj", "{2F2619E9-4DA6-48C4-956F-7B02DD3B99BD}"
EndProject
Global
	GlobalSection(SolutionConfigurationPlatforms) = preSolution
		Debug|x64 = Debug|x64
		Debug|x86 = Debug|x86
		Release|x64 = Release|x64
		Release|x86 = Release|x86
	EndGlobalSection
	GlobalSection(ProjectConfigurationPlatforms) = postSolution
		{76A06F4E-8C82-4CE6-A868-65A72F3CBC3F}.Debug|x64.ActiveCfg = Debug|x64
		{76A06F4E-8C82-4CE6-A868-65A72F3CBC3F}.Debug|x64.Build.0 = Debug|x64
		{76A06F4E-8C82-4CE6-A868-65A72F3CBC3F}.Debug|x86.ActiveCfg = Debug|Win32
		{76A06F4E-8C82-4CE6-A868-65A72F3CBC3F}.Debug|x86.Build.0 = Debug|Win32
		{76A06F4E-8C82-4CE6-A868-65A72F3CBC3F}.Release|x64.ActiveCfg = Release|x64
		{76A06F4E-8C82-4CE6-A868-65A72F3CBC3F}.Release|x64.Build.0 = Release|x64
		{76A06F4E-8C82-4CE6-A868-65A72F3CBC3F}.Release|x86.ActiveCfg = Release|Win32
		{76A06F4E-8C82-4CE6-A868-65A72F3CBC3F}.Release|x86.Build.0 = Release|Win32
		{35B2DC03-D984-4B47-B2BB-D0C371C723CD}.Debug|x64.ActiveCfg = Debug|x64
		{35B2DC03-D984-4B47-B2BB-D0C371C723CD}.Debug|x64.Build.0 = Debug|x64
		{35B2DC03-D984-4B47-B2BB-D0C371C723CD}.Debug|x86.ActiveCfg = Debug|Win32
		{35B2DC03-D984-4B47-B2BB-D0C371C723CD}.Debug|x86.Build.0 = Debug|Win32
		{35B2DC03-D984-4B47-B2BB-D0C371C723CD}.Release|x64.ActiveCfg = Release|x64
		{35B2DC03-D984-4B47-B2BB-D0C371C723CD}.Release|x64.Build.0 = Release|x64
		{35B2DC03-D984-4B47-B2BB-D0C371C723CD}.Release|x86.ActiveCfg = Release|Win32
		{35B2DC03-D984-4B47-B2BB-D0C371C723CD}.Release|x86.Build.0 = Release|Win32
		{11CB1F24-4D6E-4481-A7CB-3F8BF60794FD}.Debug|x64.ActiveCfg = Debug|x64
		{11CB1F24-4D6E-4481-A7CB-3F8BF60794FD}.Debug|x64.Build.0 = Debug|x64
		{11CB1F24-4D6E-4481-A7CB-3F8BF60794FD}.Debug|x86.ActiveCfg = Debug|Win32
		{11CB1F24-4D6E-4481-A7CB-3F8BF60794FD}.Debug|x86.Build.0 = Debug|Win32
		{11CB1F24-4D6E-4481-A7CB-3F8BF60794FD}.Release|x64.ActiveCfg = Release|x64
		{11CB1F24-4D6E-4481-A7CB-3F8BF60794FD}.Release|x64.Build.0 = Release|x64
		{11CB1F24-4D6E-4481-A7CB-3F8BF60794FD}.Release|x86.ActiveCfg = Release|Win32
		{11CB1F24-4D6E-4481-A7CB-3F8BF60794FD}.Release|x86.Build.0 = Release|Win32
		{B5E10446-11A8-4524-9AB2-FA39BD9584B9}.Debug|x64.ActiveCfg = Debug|x64
		{B5E10446-11A8-4524-9AB2-FA39BD9584B9}.Debug|x64.Build.0 = Debug|x64
		{B5E10446-11A8-4524-9AB2-FA39BD9584B9}.Debug|x86.ActiveCfg = Debug|Win32
		{B5E10446-11A8-4524-9AB2-FA39BD9584B9}.Debug|x86.Build.0 = Debug|Win32
		{B5E10446-11A8-4524-9AB2-FA39BD9584B9}.Release|x64.ActiveCfg = Release|x64
		{B5E10446-11A8-4524-9AB2-FA39BD9584B9}.Release|x64.Build.0 = Release|x64
		{B5E10446-11A8-4524-9AB2-FA39BD9584B9}.Release|x86.ActiveCfg = Release|Win32
		{B5E10446-11A8-4524-9AB2-FA39BD9584B9}.Release|x86.Build.0 = Release|Win32
		{619118DA-8F30-4890-B05E-E1650E04E312}.Debug|x64.ActiveCfg = Debug|x64
		{619118DA-8F30-4890-B05E-E1650E04E312}.Debug|x64.Build.0 = Debug|x64
		{619118DA-8F30-4890-B05E-E1650E04E312}.Debug|x86.ActiveCfg = Debug|Win32
		{619118DA-8F30-4890-B05E-E1650E04E312}.Debug|x86.Build.0 = Debug|Win32
		{619118DA-8F30-4890-B05E-E1650E04E312}.Release|x64.ActiveCfg = Release|x64
		{619118DA-8F30-4890-B05E-E1650E04E312}.Release|x64.Build.0 = Release|x64
		{619118DA-8F30-4890-B05E-E1650E04E312}.Release|x86.ActiveCfg = Release|Win32
		{619118DA-8F30-4890-B05E-E1650E04E312}.Release|x86.Build.0 = Release|Win32
		{1A677FEC-39E4-4C13-80BA-9D1A99036A41}.Debug|x64.ActiveCfg = Debug|x64
		{1A677FEC-39E4-4C13-80BA-9D1A99036A41}.Debug|x64.Build.0 = Debug|x64
		{1A677FEC-39E4-4C13-80BA-9D1A99036A41}.Debug|x86.ActiveCfg = Debug|Win32
		{1A677FEC-39E4-4C13-80BA-9D1A99036A41}.Debug|x86.Build.0 = Debug|Win32
		{1A677FEC-39E4-4C13-80BA-9D1A99036A41}.Release|x64.ActiveCfg = Release|x64
		{1A677FEC-39E4-4C13-80BA-9D1A99036A41}.Release|x64.Build.0 = Release|x64
		{1A677FEC-39E4-4C13-80BA-9D1A99036A41}.Release|x86.ActiveCfg = Release|Win32
		{1A677FEC-39E4-4C13-80BA-9D1A99036A41}.Release|x86.Build.0 = Release|Win32
		{69B7BD44-FFAD-4ED5-BF7C-F44B50F5093F}.Debug|x64.ActiveCfg = Debug|x64
		{69B7BD44-FFAD-4ED5-BF7C-F44B50F5093F}.Debug|x64.Build.0 = Debug|x64
		{69B7BD44-FFAD-4ED5-BF7C-F44B50F5093F}.Debug|x86.ActiveCfg = Debug|Win32
		{69B7BD44-FFAD-4ED5-BF7C-F44B50F5093F}.Debug|x86.Build.0 = Debug|Win32
		{69B7BD44-FFAD-4ED5-BF7C-F44B50F5093F}.Release|x64.ActiveCfg = Release|x64
		{69B7BD44-FFAD-4ED5-BF7C-F44B50F5093F}.Release|x64.Build.0 = Release|x64
		{69B7BD44-FFAD-4ED5-BF7C-F44B50F5093F}.Release|x86.ActiveCfg = Release|Win32
		{69B7BD44-FFAD-4ED5-BF7C-F44B50F5093F}.Release|x86.Build.0 = Release|Win32
		{B18131A1-AE77-41C0-9715-753BD20282BF}.Debug|x64.ActiveCfg = Debug|x64
		{B18131A1-AE77-41C0-9715-753BD20282BF}.Debug|x64.Build.0 = Debug|x64
		{B18131A1-AE77-41C0-9715-753BD20282BF}.Debug|x86.ActiveCfg = Debug|Win32
		{B18131A1-AE77-41C0-9715-753BD20282BF}.Debug|x86.Build.0 = Debug|Win32
		{B18131A1-AE77-41C0-9715-753BD20282BF}.Release|x64.ActiveCfg = Release|x64
		{B18131A1-AE77-41C0-9715-753BD20282BF}.Release|x64.Build.0 = Release|x64
		{B18131A1-AE77-41C0-9715-753BD20282BF}.Release|x86.ActiveCfg = Release|Win32
		{B18131A1-AE77-41C0-9715-753BD20282BF}.Release|x86.Build.0 = Release|Win32
		{73EACC0E-DEAD-49E8-83A0-CE2001F265F6}.Debug|x64.ActiveCfg = Debug|x64
		{73EACC0E-DEAD-49E8-83A0-CE2001F265F6}.Debug|x64.Build.0 = Debug|x64
		{73EACC0E-DEAD-49E8-83A0-CE2001F265F6}.Debug|x86.ActiveCfg = Debug|Win32
		{73EACC0E-DEAD-49E8-83A0-CE2001F265F6}.Debug|x86.Build.0 = Debug|Win32
		{73EACC0E-DEAD-49E8-83A0-CE2001F265F6}.Release|x64.ActiveCfg = Release|x64
		{73EACC0E-DEAD-49E8-83A0-CE2001F265F6}.Release|x64.Build.0 = Release|x64
		{73EACC0E-DEAD-49E8-83A0-CE2001F265F6}.Release|x86.ActiveCfg = Release|Win32
		{73EACC0E-DEAD-49E8-83A0-CE2001F265F6}.Release|x86.Build.0 = Release|Win32
		{1D2F07E8-6CAE-493D-BCA0-9E0B59C8062A}.Debug|x64.ActiveCfg = Debug|x64
		{1D2F07E8-6CAE-493D-BCA0-9E0B59C8062A}.Debug|x64.Build.0 = Debug|x64
		{1D2F07E8-6CAE-493D-BCA0-9E0B59C8062A}.Debug|x86.ActiveCfg = Debug|Win32
		{1D2F07E8-6CAE-493D-BCA0-9E0B59C8062A}.Debug|x86.Build.0 = Debug|Win32
		{1D2F07E8-6CAE-493D-BCA0-9E0B59C8062A}.Release|x64.ActiveCfg = Release|x64
		{1D2F07E8-6CAE-493D-BCA0-9E0B59C8062A}.Release|x64.Build.0 = Release|x64
		{1D2F07E8-6CAE-493D-BCA0-9E0B59C8062A}.Release|x86.ActiveCfg = Release|Win32
		{1D2F07E8-6CAE-493D-BCA0-9E0B59C8062A}.Release|x86.Build.0 = Release|Win32
		{EC644A81-8615-4B22-A053-57AE6BA56975}.Debug|x64.ActiveCfg = Debug|x64
		{EC644A81-8615-4B22-A053-57AE6BA56975}.Debug|x64.Build.0 = Debug|x64
		{EC644A81-8615-4B22-A053-57AE6BA56975}.Debug|x86.ActiveCfg = Debug|Win32
		{EC644A81-8615-4B22-A053-57AE6BA56975}.Debug|x86.Build.0 = Debug|Win32
		{EC644A81-8615-4B22-A053-57AE6BA56975}.Release|x64.ActiveCfg = Release|x64
		{EC644A81-8615-4B22-A053-57AE6BA56975}.Release|x64.Build.0 = Release|x64
		{EC644A81-8615-4B22-A053-57AE6BA56975}.Release|x86.ActiveCfg = Release|Win32
		{EC644A81-8615-4B22-A053-57AE6BA56975}.Release|x86.Build.0 = Release|Win32
		{EED08EC3-F42F-4ED6-A83C-02D5AB839CD5}.Debug|x64.ActiveCfg = Debug|x64
		{EED08EC3-F42F-4ED6-A83C-02D5AB839CD5}.Debug|x64.Build.0 = Debug|x64
		{EED08EC3-F42F-4ED6-A83C-02D5AB839CD5}.Debug|x86.ActiveCfg = Debug|Win32
		{EED08EC3-F42F-4ED6-A83C-02D5AB839CD5}.Debug|x86.Build.0 = Debug|Win32
		{EED08EC3-F42F-4ED6-A83C-02D5AB839CD5}.Release|x64.ActiveCfg = Release|x64
		{EED08EC3-F42F-4ED6-A83C-02D5AB839CD5}.Release|x64.Build.0 = Release|x64
		{EED08EC3-F42F-4ED6-A83C-02D5AB839CD5}.Release|x86.ActiveCfg = Release|Win32
		{EED08EC3-F42F-4ED6-A83C-02D5AB839CD5}.Release|x86.Build.0 = Release|Win32
		{947F1B75-C426-44BE-B347-5B2485F6C999}.Debug|x64.ActiveCfg = Debug|x64
		{947F1B75-C426-44BE-B347-5B2485F6C999}.Debug|x64.Build.0 = Debug|x64
		{947F1B75-C426-44BE-B347-5B2485F6C999}.Debug|x86.ActiveCfg = Debug|Win32
		{947F1B75-C426-44BE-B347-5B2485F6C999}.Debug|x86.Build.0 = Debug|Win32
		{947F1B75-C426-44BE-B347-5B2485F6C999}.Release|x64.ActiveCfg = Release|x64
		{947F1B75-C426-44BE-B347-5B2485F6C999}.Release|x64.Build.0 = Release|x64
		{947F1B75-C426-44BE-B347-5B2485F6C999}.Release|x86.ActiveCfg = Release|Win32
		{947F1B75-C426-44BE-B347-5B2485F6C999}.Release|x86.Build.0 = Release|Win32
		{C1A42DDA-3CE0-4FC4-8DFC-7748E5C80F09}.Debug|x64.ActiveCfg = Debug|x64
		{C1A42DDA-3CE0-4FC4-8DFC-7748E5C80F09}.Debug|x64.Build.0 = Debug|x64
		{C1A42DDA-3CE0-4FC4-8DFC-7748E5C80F09}.Debug|x86.ActiveCfg = Debug|Win32
		{C1A42DDA-3CE0-4FC4-8DFC-7748E5C80F09}.Debug|x86.Build.0 = Debug|Win32
		{C1A42DDA-3CE0-4FC4-8DFC-7748E5C80F09}.Release|x64.ActiveCfg = Release|x64
		{C1A42DDA-3CE0-4FC4-8DFC-7748E5C80F09}.Release|x64.Build.0 = Release|x64
		{C1A42DDA-3CE0-4FC4-8DFC-7748E5C80F09}.Release|x86.ActiveCfg = Release|Win32
		{C1A42DDA-3CE0-4FC4-8DFC-7748E5C80F09}.Release|x86.Build.0 = Release|Win32
		{008E9FF1-D3E4-4E1E-AF71-1843E4C2C4C3}.Debug|x64.ActiveCfg = Debug|x64
		{008E9FF1-D3E4-4E1E-AF71-1843E4C2C4C3}.Debug|x64.Build.0 = Debug|x64
		{008E9FF1-D3E4-4E1E-AF71-1843E4C2C4C3}.Debug|x86.ActiveCfg = Debug|Win32
		{008E9FF1-D3E4-4E1E-AF71-1843E4C2C4C3}.Debug|x86.Build.0 = Debug|Win32
		{008E9FF1-D3E4-4E1E-AF71-1843E4C2C4C3}.Release|x64.ActiveCfg = Release|x64
		{008E9FF1-D3E4-4E1E-AF71-1843E4C2C4C3}.Release|x64.Build.0 = Release|x64
		{008E9FF1-D3E4-4E1E-AF71-1843E4C2C4C3}.Release|x86.ActiveCfg = Release|Win32
		{008E9FF1-D3E4-4E1E-AF71-1843E4C2C4C3}.Release|x86.Build.0 = Release|Win32
		{C55458C3-9034-4FC8-BA81-853BA615039D}.Debug|x64.ActiveCfg = Debug|x64
		{C55458C3-9034-4FC8-BA81-853BA615039D}.Debug|x64.Build.0 = Debug|x64
		{C55458C3-9034-4FC8-BA81-853BA615039D}.Debug|x86.ActiveCfg = Debug|Win32
		{C55458C3-9034-4FC8-BA81-853BA615039D}.Debug|x86.Build.0 = Debug|Win32
		{C55458C3-9034-4FC8-BA81-853BA615039D}.Release|x64.ActiveCfg = Release|x64
		{C55458C3-9034-4FC8-BA81-853BA615039D}.Release|x64.Build.0 = Release|x64
		{C55458C3-9034-4FC8-BA81-853BA615039D}.Release|x86.ActiveCfg = Release|Win32
		{C55458C3-9034-4FC8-BA81-853BA615039D}.Release|x86.Build.0 = Release|Win32
		{8CA90C67-7481-4958-B7D8-E5B2214EE4A1}.Debug|x64.ActiveCfg = Debug|x64
		{8CA90C67-7481-4958-B7D8-E5B2214EE4A1}.Debug|x64.Build.0 = Debug|x64
		{8CA90C67-7481-4958-B7D8-E5B2214EE4A1}.Debug|x86.ActiveCfg = Debug|Win32
		{8CA90C67-7481-4958-B7D8-E5B2214EE4A1}.Debug|x86.Build.0 = Debug|Win32
		{8CA90C67-7481-4958-B7D8-E5B2214EE4A1}.Release|x64.ActiveCfg = Release|x64
		{8CA90C67-7481-4958-B7D8-E5B2214EE4A1}.Release|x64.Build.0 = Release|x64
		{8CA90C67-7481-4958-B7D8-E5B2214EE4A1}.Release|x86.ActiveCfg = Release|Win32
		{8CA90C67-7481-4958-B7D8-E5B2214EE4A1}.Release|x86.Build.0 = Release|Win32
		{BEF79647-F477-4FEB-82EA-A36C6565F66D}.Debug|x64.ActiveCfg = Debug|x64
		{BEF79647-F477-4FEB-82EA-A36C6565F66D}.Debug|x64.Build.0 = Debug|x64
		{BEF79647-F477-4FEB-82EA-A36C6565F66D}.Debug|x86.ActiveCfg = Debug|Win32
		{BEF79647-F477-4FEB-82EA-A36C6565F66D}.Debug|x86.Build.0 = Debug|Win32
		{BEF79647-F477-4FEB-82EA-A36C6565F66D}.Release|x64.ActiveCfg = Release|x64
		{BEF79647-F477-4FEB-82EA-A36C6565F66D}.Release|x64.Build.0 = Release|x64
		{BEF79647-F477-4FEB-82EA-A36C6565F66D}.Release|x86.ActiveCfg = Release|Win32
		{BEF79647-F477-4FEB-82EA-A36C6565F66D}.Release|x86.Build.0 = Release|Win32
		{BF167341-57E2-4D66-9439-088F5269BE6A}.Debug|x64.ActiveCfg = Debug|x64
		{BF167341-57E2-4D66-9439-088F5269BE6A}.Debug|x64.Build.0 = Debug|x64
		{BF167341-57E2-4D66-9439-088F5269BE6A}.Debug|x86.ActiveCfg = Debug|Win32
		{BF167341-57E2-4D66-9439-088F5269BE6A}.Debug|x86.Build.0 = Debug|Win32
		{BF167341-57E2-4D66-9439-088F5269BE6A}.Release|x64.ActiveCfg = Release|x64
		{BF167341-57E2-4D66-9439-088F5269BE6A}.Release|x64.Build.0 = Release|x64
		{BF167341-57E2-4D66-9439-088F5269BE6A}.Release|x86.ActiveCfg = Release|Win32
		{BF167341-57E2-4D66-9439-088F5269BE6A}.Release|x86.Build.0 = Release|Win32
		{0D55DD1B-ADF7-49BC-9363-38BED16A118D}.Debug|x64.ActiveCfg = Debug|x64
		{0D55DD1B-ADF7-49BC-9363-38BED16A118D}.Debug|x64.Build.0 = Debug|x64
		{0D55DD1B-ADF7-49BC-9363-38BED16A118D}.Debug|x86.ActiveCfg = Debug|Win32
		{0D55DD1B-ADF7-49BC-9363-38BED16A118D}.Debug|x86.Build.0 = Debug|Win32
		{0D55DD1B-ADF7-49BC-9363-38BED16A118D}.Release|x64.ActiveCfg = Release|x64
		{0D55DD1B-ADF7-49BC-9363-38BED16A118D}.Release|x64.Build.0 = Release|x64
		{0D55DD1B-ADF7-49BC-9363-38BED16A118D}.Release|x86.ActiveCfg = Release|Win32
		{0D55DD1B-ADF7-49BC-9363-38BED16A118D}.Release|x86.Build.0 = Release|Win32
		{2CFAAB4B-644E-4000-9FE9-CC876B56296C}.Debug|x64.ActiveCfg = Debug|x64
		{2CFAAB4B-644E-4000-9FE9-CC876B56296C}.Debug|x64.Build.0 = Debug|x64
		{2CFAAB4B-644E-4000-9FE9-CC876B56296C}.Debug|x86.ActiveCfg = Debug|Win32
		{2CFAAB4B-644E-4000-9FE9-CC876B56296C}.Debug|x86.Build.0 = Debug|Win32
		{2CFAAB4B-644E-4000-9FE9-CC876B56296C}.Release|x64.ActiveCfg = Release|x64
		{2CFAAB4B-644E-4000-9FE9-CC876B56296C}.Release|x64.Build.0 = Release|x64
		{2CFAAB4B-644E-4000-9FE9-CC876B56296C}.Release|x86.ActiveCfg = Release|Win32
		{2CFAAB4B-644E-4000-9FE9-CC876B56296C}.Release|x86.Build.0 = Release|Win32
		{0F7FCB00-1DB4-478B-A87D-8E91B07CA7DA}.Debug|x64.ActiveCfg = Debug|x64
		{0F7FCB00-1DB4-478B-A87D-8E91B07CA7DA}.Debug|x64.Build.0 = Debug|x64
		{0F7FCB00-1DB4-478B-A87D-8E91B07CA7DA}.Debug|x86.ActiveCfg = Debug|Win32
		{0F7FCB00-1DB4-478B-A87D-8E91B07CA7DA}.Debug|x86.Build.0 = Debug|Win32
		{0F7FCB00-1DB4-478B-A87D-8E91B07CA7DA}.Release|x64.ActiveCfg = Release|x64
		{0F7FCB00-1DB4-478B-A87D-8E91B07CA7DA}.Release|x64.Build.0 = Release|x64
		{0F7FCB00-1DB4-478B-A87D-8E91B07CA7DA}.Release|x86.ActiveCfg = Release|Win32
		{0F7FCB00-1DB4-478B-A87D-8E91B07CA7DA}.Release|x86.Build.0 = Release|Win32
		{F31E6BA9-FF77-412C-8B8F-4464F8552B92}.Debug|x64.ActiveCfg = Debug|x64
		{F31E6BA9-FF77-412C-8B8F-4464F8552B92}.Debug|x64.Build.0 = Debug|x64
		{F31E6BA9-FF77-412C-8B8F-4464F8552B92}.Debug|x86.ActiveCfg = Debug|Win32
		{F31E6BA9-FF77-412C-8B8F-4464F8552B92}.Debug|x86.Build.0 = Debug|Win32
		{F31E6BA9-FF77-412C-8B8F-4464F8552B92}.Release|x64.ActiveCfg = Release|x64
		{F31E6BA9-FF77-412C-8B8F-4464F8552B92}.Release|x64.Build.0 = Release|x64
		{F31E6BA9-FF77-412C-8B8F-4464F8552B92}.Release|x86.ActiveCfg = Release|Win32
		{F31E6BA9-FF77-412C-8B8F-4464F8552B92}.Release|x86.Build.0 = Release|Win32
		{EB607EC9-CFEC-4EE1-87B9-683B40EC94C2}.Debug|x64.ActiveCfg = Debug|x64
		{EB607EC9-CFEC-4EE1-87B9-683B40EC94C2}.Debug|x64.Build.0 = Debug|x64
		{EB607EC9-CFEC-4EE1-87B9-683B40EC94C2}.Debug|x86.ActiveCfg = Debug|Win32
		{EB607EC9-CFEC-4EE1-87B9-683B40EC94C2}.Debug|x86.Build.0 = Debug|Win32
		{EB607EC9-CFEC-4EE1-87B9-683B40EC94C2}.Release|x64.ActiveCfg = Release|x64
		{EB607EC9-CFEC-4EE1-87B9-683B40EC94C2}.Release|x64.Build.0 = Release|x64
		{EB607EC9-CFEC-4EE1-87B9-683B40EC94C2}.Release|x86.ActiveCfg = Release|Win32
		{EB607EC9-CFEC-4EE1-87B9-683B40EC94C2}.Release|x86.Build.0 = Release|Win32
		{1CAEC288-71BC-4984-9F33-A121820085AD}.Debug|x64.ActiveCfg = Debug|x64
		{1CAEC288-71BC-4984-9F33-A121820085AD}.Debug|x64.Build.0 = Debug|x64
		{1CAEC288-71BC-4984-9F33-A121820085AD}.Debug|x86.ActiveCfg = Debug|Win32
		{1CAEC288-71BC-4984-9F33-A121820085AD}.Debug|x86.Build.0 = Debug|Win32
		{1CAEC288-71BC-4984-9F33-A121820085AD}.Release|x64.ActiveCfg = Release|x64
		{1CAEC288-71BC-4984-9F33-A121820085AD}.Release|x64.Build.0 = Release|x64
		{1CAEC288-71BC-4984-9F33-A121820085AD}.Release|x86.ActiveCfg = Release|Win32
		{1CAEC288-71BC-4984-9F33-A121820085AD}.Release|x86.Build.0 = Release|Win32
		{3012AA08-214E-4007-9121-39CBA09F846A}.Debug|x64.ActiveCfg = Debug|x64
		{3012AA08-214E-4007-9121-39CBA09F846A}.Debug|x64.Build.0 = Debug|x64
		{3012AA08-214E-4007-9121-39CBA09F846A}.Debug|x86.ActiveCfg = Debug|Win32
		{3012AA08-214E-4007-9121-39CBA09F846A}.Debug|x86.Build.0 = Debug|Win32
		{3012AA08-214E-4007-9121-39CBA09F846A}.Release|x64.ActiveCfg = Release|x64
		{3012AA08-214E-4007-9121-39CBA09F846A}.Release|x64.Build.0 = Release|x64
		{3012AA08-214E-4007-9121-39CBA09F846A}.Release|x86.ActiveCfg = Release|Win32
		{3012AA08-214E-4007-9121-39CBA09F846A}.Release|x86.Build.0 = Release|Win32
		{10603CEE-197A-405B-A44B-C100FDA752B1}.Debug|x64.ActiveCfg = Debug|x64
		{10603CEE-197A-405B-A44B-C100FDA752B1}.Debug|x64.Build.0 = Debug|x64
		{10603CEE-197A-405B-A44B-C100FDA752B1}.Debug|x86.ActiveCfg = Debug|Win32
		{10603CEE-197A-405B-A44B-C100FDA752B1}.Debug|x86.Build.0 = Debug|Win32
		{10603CEE-197A-405B-A44B-C100FDA752B1}.Release|x64.ActiveCfg = Release|x64
		{10603CEE-197A-405B-A44B-C100FDA752B1}.Release|x64.Build.0 = Release|x64
		{10603CEE-197A-405B-A44B-C100FDA752B1}.Release|x86.ActiveCfg = Release|Win32
		{10603CEE-197A-405B-A44B-C100FDA752B1}.Release|x86.Build.0 = Release|Win32
		{343041C6-9EBF-427F-824D-7C38DA3F504F}.Debug|x64.ActiveCfg = Debug|x64
		{343041C6-9EBF-427F-824D-7C38DA3F504F}.Debug|x64.Build.0 = Debug|x64
		{343041C6-9EBF-427F-824D-7C38DA3F504F}.Debug|x86.ActiveCfg = Debug|Win32
		{343041C6-9EBF-427F-824D-7C38DA3F504F}.Debug|x86.Build.0 = Debug|Win32
		{343041C6-9EBF-427F-824D-7C38DA3F504F}.Release|x64.ActiveCfg = Release|x64
		{343041C6-9EBF-427F-824D-7C38DA3F504F}.Release|x64.Build.0 = Release|x64
		{343041C6-9EBF-427F-824D-7C38DA3F504F}.Release|x86.ActiveCfg = Release|Win32
		{343041C6-9EBF-427F-824D-7C38DA3F504F}.Release|x86.Build.0 = Release|Win32
		{D70C5396-4132-4506-8915-E49E1F11F8D8}.Debug|x64.ActiveCfg = Debug|x64
		{D70C5396-4132-4506-8915-E49E1F11F8D8}.Debug|x64.Build.0 = Debug|x64
		{D70C5396-4132-4506-8915-E49E1F11F8D8}.Debug|x86.ActiveCfg = Debug|Win32
		{D70C5396-4132-4506-8915-E49E1F11F8D8}.Debug|x86.Build.0 = Debug|Win32
		{D70C5396-4132-4506-8915-E49E1F11F8D8}.Release|x64.ActiveCfg = Release|x64
		{D70C5396-4132-4506-8915-E49E1F11F8D8}.Release|x64.Build.0 = Release|x64
		{D70C5396-4132-4506-8915-E49E1F11F8D8}.Release|x86.ActiveCfg = Release|Win32
		{D70C5396-4132-4506-8915-E49E1F11F8D8}.Release|x86.Build.0 = Release|Win32
		{B64C81A3-DFC6-46DA-B0E8-6B0B536D4913}.Debug|x64.ActiveCfg = Debug|x64
		{B64C81A3-DFC6-46DA-B0E8-6B0B536D4913}.Debug|x64.Build.0 = Debug|x64
		{B64C81A3-DFC6-46DA-B0E8-6B0B536D4913}.Debug|x86.ActiveCfg = Debug|Win32
		{B64C81A3-DFC6-46DA-B0E8-6B0B536D4913}.Debug|x86.Build.0 = Debug|Win32
		{B64C81A3-DFC6-46DA-B0E8-6B0B536D4913}.Release|x64.ActiveCfg = Release|x64
		{B64C81A3-DFC6-46DA-B0E8-6B0B536D4913}.Release|x64.Build.0 = Release|x64
		{B64C81A3-DFC6-46DA-B0E8-6B0B536D4913}.Release|x86.ActiveCfg = Release|Win32
		{B64C81A3-DFC6-46DA-B0E8-6B0B536D4913}.Release|x86.Build.0 = Release|Win32
		{5B766CAF-295B-4985-A19A-7A1489BBC03D}.Debug|x64.ActiveCfg = Debug|x64
		{5B766CAF-295B-4985-A19A-7A1489BBC03D}.Debug|x64.Build.0 = Debug|x64
		{5B766CAF-295B-4985-A19A-7A1489BBC03D}.Debug|x86.ActiveCfg = Debug|Win32
		{5B766CAF-295B-4985-A19A-7A1489BBC03D}.Debug|x86.Build.0 = Debug|Win32
		{5B766CAF-295B-4985-A19A-7A1489BBC03D}.Release|x64.ActiveCfg = Release|x64
		{5B766CAF-295B-4985-A19A-7A1489BBC03D}.Release|x64.Build.0 = Release|x64
		{5B766CAF-295B-4985-A19A-7A1489BBC03D}.Release|x86.ActiveCfg = Release|Win32
		{5B766CAF-295B-4985-A19A-7A1489BBC03D}.Release|x86.Build.0 = Release|Win32
		{C9BDF65F-DF9B-4CA1-8BDA-753A9177ED12}.Debug|x64.ActiveCfg = Debug|x64
		{C9BDF65F-DF9B-4CA1-8BDA-753A9177ED12}.Debug|x64.Build.0 = Debug|x64
		{C9BDF65F-DF9B-4CA1-8BDA-753A9177ED12}.Debug|x86.ActiveCfg = Debug|Win32
		{C9BDF65F-DF9B-4CA1-8BDA-753A9177ED12}.Debug|x86.Build.0 = Debug|Win32
		{C9BDF65F-DF9B-4CA1-8BDA-753A9177ED12}.Release|x64.ActiveCfg = Release|x64
		{C9BDF65F-DF9B-4CA1-8BDA-753A9177ED12}.Release|x64.Build.0 = Release|x64
		{C9BDF65F-DF9B-4CA1-8BDA-753A9177ED12}.Release|x86.ActiveCfg = Release|Win32
		{C9BDF65F-DF9B-4CA1-8BDA-753A9177ED12}.Release|x86.Build.0 = Release|Win32
		{A60A0C08-D495-4156-B37D-613D7E81C44B}.Debug|x64.ActiveCfg = Debug|x64
		{A60A0C08-D495-4156-B37D-613D7E81C44B}.Debug|x64.Build.0 = Debug|x64
		{A60A0C08-D495-4156-B37D-613D7E81C44B}.Debug|x86.ActiveCfg = Debug|Win32
		{A60A0C08-D495-4156-B37D-613D7E81C44B}.Debug|x86.Build.0 = Debug|Win32
		{A60A0C08-D495-4156-B37D-613D7E81C44B}.Release|x64.ActiveCfg = Release|x64
		{A60A0C08-D495-4156-B37D-613D7E81C44B}.Release|x64.Build.0 = Release|x64
		{A60A0C08-D495-4156-B37D-613D7E81C44B}.Release|x86.ActiveCfg = Release|Win32
		{A60A0C08-D495-4156-B37D-613D7E81C44B}.Release|x86.Build.0 = Release|Win32
		{750322B7-093A-4A11-A5E4-870127582B4D}.Debug|x64.ActiveCfg = Debug|x64
		{750322B7-093A-4A11-A5E4-870127582B4D}.Debug|x64.Build.0 = Debug|x64
		{750322B7-093A-4A11-A5E4-870127582B4D}.Debug|x86.ActiveCfg = Debug|Win32
		{750322B7-093A-4A11-A5E4-870127582B4D}.Debug|x86.Build.0 = Debug|Win32
		{750322B7-093A-4A11-A5E4-870127582B4D}.Release|x64.ActiveCfg = Release|x64
		{750322B7-093A-4A11-A5E4-870127582B4D}.Release|x64.Build.0 = Release|x64
		{750322B7-093A-4A11-A5E4-870127582B4D}.Release|x86.ActiveCfg = Release|Win32
		{750322B7-093A-4A11-A5E4-870127582B4D}.Release|x86.Build.0 = Release|Win32
		{58B342F6-4596-4E78-B71C-12EEC94832E1}.Debug|x64.ActiveCfg = Debug|x64
		{58B342F6-4596-4E78-B71C-12EEC94832E1}.Debug|x64.Build.0 = Debug|x64
		{58B342F6-4596-4E78-B71C-12EEC94832E1}.Debug|x86.ActiveCfg = Debug|Win32
		{58B342F6-4596-4E78-B71C-12EEC94832E1}.Debug|x86.Build.0 = Debug|Win32
		{58B342F6-4596-4E78-B71C-12EEC94832E1}.Release|x64.ActiveCfg = Release|x64
		{58B342F6-4596-4E78-B71C-12EEC94832E1}.Release|x64.Build.0 = Release|x64
		{58B342F6-4596-4E78-B71C-12EEC94832E1}.Release|x86.ActiveCfg = Release|Win32
		{58B342F6-4596-4E78-B71C-12EEC94832E1}.Release|x86.Build.0 = Release|Win32
		{22F3191D-0D27-47DF-8014-284DA170C5A3}.Debug|x64.ActiveCfg = Debug|x64
		{22F3191D-0D27-47DF-8014-284DA170C5A3}.Debug|x64.Build.0 = Debug|x64
		{22F3191D-0D27-47DF-8014-284DA170C5A3}.Debug|x86.ActiveCfg = Debug|Win32
		{22F3191D-0D27-47DF-8014-284DA170C5A3}.Debug|x86.Build.0 = Debug|Win32
		{22F3191D-0D27-47DF-8014-284DA170C5A3}.Release|x64.ActiveCfg = Release|x64
		{22F3191D-0D27-47DF-8014-284DA170C5A3}.Release|x64.Build.0 = Release|x64
		{22F3191D-0D27-47DF-8014-284DA170C5A3}.Release|x86.ActiveCfg = Release|Win32
		{22F3191D-0D27-47DF-8014-284DA170C5A3}.Release|x86.Build.0 = Release|Win32
		{A0AEE594-DB00-421F-ACD5-E85D1BB8E6F0}.Debug|x64.ActiveCfg = Debug|x64
		{A0AEE594-DB00-421F-ACD5-E85D1BB8E6F0}.Debug|x64.Build.0 = Debug|x64
		{A0AEE594-DB00-421F-ACD5-E85D1BB8E6F0}.Debug|x86.ActiveCfg = Debug|Win32
		{A0AEE594-DB00-421F-ACD5-E85D1BB8E6F0}.Debug|x86.Build.0 = Debug|Win32
		{A0AEE594-DB00-421F-ACD5-E85D1BB8E6F0}.Release|x64.ActiveCfg = Release|x64
		{A0AEE594-DB00-421F-ACD5-E85D1BB8E6F0}.Release|x64.Build.0 = Release|x64
		{A0AEE594-DB00-421F-ACD5-E85D1BB8E6F0}.Release|x86.ActiveCfg = Release|Win32
		{A0AEE594-DB00-421F-ACD5-E85D1BB8E6F0}.Release|x86.Build.0 = Release|Win32
		{83EF4E25-0C30-4354-B7A6-5EEC89F4F122}.Debug|x64.ActiveCfg = Debug|x64
		{83EF4E25-0C30-4354-B7A6-5EEC89F4F122}.Debug|x64.Build.0 = Debug|x64
		{83EF4E25-0C30-4354-B7A6-5EEC89F4F122}.Debug|x86.ActiveCfg = Debug|Win32
		{83EF4E25-0C30-4354-B7A6-5EEC89F4F122}.Debug|x86.Build.0 = Debug|Win32
		{83EF4E25-0C30-4354-B7A6-5EEC89F4F122}.Release|x64.ActiveCfg = Release|x64
		{83EF4E25-0C30-4354-B7A6-5EEC89F4F122}.Release|x64.Build.0 = Release|x64
		{83EF4E25-0C30-4354-B7A6-5EEC89F4F122}.Release|x86.ActiveCfg = Release|Win32
		{83EF4E25-0C30-4354-B7A6-5EEC89F4F122}.Release|x86.Build.0 = Release|Win32
		{90D81CC8-22D7-4D72-B916-853AC341BEAF}.Debug|x64.ActiveCfg = Debug|x64
		{90D81CC8-22D7-4D72-B916-853AC341BEAF}.Debug|x64.Build.0 = Debug|x64
		{90D81CC8-22D7-4D72-B916-853AC341BEAF}.Debug|x86.ActiveCfg = Debug|Win32
		{90D81CC8-22D7-4D72-B916-853AC341BEAF}.Debug|x86.Build.0 = Debug|Win32
		{90D81CC8-22D7-4D72-B916-853AC341BEAF}.Release|x64.ActiveCfg = Release|x64
		{90D81CC8-22D7-4D72-B916-853AC341BEAF}.Release|x64.Build.0 = Release|x64
		{90D81CC8-22D7-4D72-B916-853AC341BEAF}.Release|x86.ActiveCfg = Release|Win32
		{90D81CC8-22D7-4D72-B916-853AC341BEAF}.Release|x86.Build.0 = Release|Win32
		{2F2619E9-4DA6-48C4-956F-7B02DD3B99BD}.Debug|x64.ActiveCfg = Debug|x64
		{2F2619E9-4DA6-48C4-956F-7B02DD3B99BD}.Debug|x64.Build.0 = Debug|x64
		{2F2619E9-4DA6-48C4-956F-7B02DD3B99BD}.Debug|x86.ActiveCfg = Debug|Win32
		{2F2619E9-4DA6-48C4-956F-7B02DD3B99BD}.Debug|x86.Build.0 = Debug|Win32
		{2F2619E9-4DA6-48C4-956F-7B02DD3B99BD}.Release|x64.ActiveCfg = Release|x64
		{2F2619E9-4DA6-48C4-956F-7B02DD3B99BD}.Release|x64.Build.0 = Release|x64
		{2F2619E9-4DA6-48C4-956F-7B02DD3B99BD}.Release|x86.ActiveCfg = Release|Win32
		{2F2619E9-4DA6-48C4-956F-7B02DD3B99BD}.Release|x86.Build.0 = Release|Win32
	EndGlobalSection
	GlobalSection(SolutionProperties) = preSolution
		HideSolutionNode = FALSE
	EndGlobalSection
EndGlobal
